// !$*UTF8*$!
{
	archiveVersion = 1;
	classes = {
	};
	objectVersion = 50;
	objects = {

/* Begin PBXBuildFile section */
		2261812A74616FF9DB6131AB /* Pods_APA.framework in Frameworks */ = {isa = PBXBuildFile; fileRef = 9BF6B245B1DA0BAB8AA625E5 /* Pods_APA.framework */; };
		A6257F1B20A43755000E8F4D /* Bolts.framework in Frameworks */ = {isa = PBXBuildFile; fileRef = A6257F1A20A43755000E8F4D /* Bolts.framework */; };
		A6257F1D20A4375E000E8F4D /* FBSDKShareKit.framework in Frameworks */ = {isa = PBXBuildFile; fileRef = A6257F1C20A4375E000E8F4D /* FBSDKShareKit.framework */; };
		A6257F1F20A4397F000E8F4D /* FBSDKCoreKit.framework in Frameworks */ = {isa = PBXBuildFile; fileRef = A6257F1E20A4397F000E8F4D /* FBSDKCoreKit.framework */; };
		A6A1E06B209F4BA100B70635 /* AllPetListViewController.swift in Sources */ = {isa = PBXBuildFile; fileRef = A6A1E06A209F4BA100B70635 /* AllPetListViewController.swift */; };
		A6B373A420A758CF0039E7E1 /* GardenListViewController.swift in Sources */ = {isa = PBXBuildFile; fileRef = A6B373A320A758CF0039E7E1 /* GardenListViewController.swift */; };
		A6CBEFB120931EC1008482F9 /* LaunchScreen.storyboard in Resources */ = {isa = PBXBuildFile; fileRef = A6CBEFB020931EC1008482F9 /* LaunchScreen.storyboard */; };
		A6CBEFB320931EE4008482F9 /* Main.storyboard in Resources */ = {isa = PBXBuildFile; fileRef = A6CBEFB220931EE4008482F9 /* Main.storyboard */; };
		A6CBEFB620931FB0008482F9 /* GoogleSheetManager.swift in Sources */ = {isa = PBXBuildFile; fileRef = A6CBEFB520931FB0008482F9 /* GoogleSheetManager.swift */; };
		A6D3C7BF20931B6E0083C3C6 /* AppDelegate.swift in Sources */ = {isa = PBXBuildFile; fileRef = A6D3C7BE20931B6E0083C3C6 /* AppDelegate.swift */; };
		A6D3C7C620931B720083C3C6 /* Assets.xcassets in Resources */ = {isa = PBXBuildFile; fileRef = A6D3C7C520931B720083C3C6 /* Assets.xcassets */; };
		A6D696EC209F4D51000CFCF1 /* AllPetListViewControllerTableViewCell.swift in Sources */ = {isa = PBXBuildFile; fileRef = A6D696EB209F4D51000CFCF1 /* AllPetListViewControllerTableViewCell.swift */; };
		A6D696EF209F4E7C000CFCF1 /* PetInfo.swift in Sources */ = {isa = PBXBuildFile; fileRef = A6D696EE209F4E7C000CFCF1 /* PetInfo.swift */; };
		A6D696F1209FAFEE000CFCF1 /* PetDetailViewController.swift in Sources */ = {isa = PBXBuildFile; fileRef = A6D696F0209FAFEE000CFCF1 /* PetDetailViewController.swift */; };
		A6D696F3209FB00B000CFCF1 /* PetDetailTableViewController.swift in Sources */ = {isa = PBXBuildFile; fileRef = A6D696F2209FB00B000CFCF1 /* PetDetailTableViewController.swift */; };
		A6D696F520A0537A000CFCF1 /* Parameter.swift in Sources */ = {isa = PBXBuildFile; fileRef = A6D696F420A0537A000CFCF1 /* Parameter.swift */; };
		A6D696F720A06C61000CFCF1 /* PetDetailTableViewCollectionViewCell.swift in Sources */ = {isa = PBXBuildFile; fileRef = A6D696F620A06C61000CFCF1 /* PetDetailTableViewCollectionViewCell.swift */; };
		A6FEB21020A18EAF00EDE292 /* UIScrollView+InfiniteScroll.m in Sources */ = {isa = PBXBuildFile; fileRef = A6FEB20F20A18EAF00EDE292 /* UIScrollView+InfiniteScroll.m */; };
		A6FEB21220A1C6F100EDE292 /* UserDefaultManager.swift in Sources */ = {isa = PBXBuildFile; fileRef = A6FEB21120A1C6F100EDE292 /* UserDefaultManager.swift */; };
		A6FEB21720A1ED0C00EDE292 /* Reachability.m in Sources */ = {isa = PBXBuildFile; fileRef = A6FEB21520A1ED0C00EDE292 /* Reachability.m */; };
		A6FEB21A20A1F12D00EDE292 /* UIAlertController+Extension.swift in Sources */ = {isa = PBXBuildFile; fileRef = A6FEB21920A1F12D00EDE292 /* UIAlertController+Extension.swift */; };
/* End PBXBuildFile section */

/* Begin PBXFileReference section */
		180AB7C73B87C2842E387A3C /* Pods-APA.release.xcconfig */ = {isa = PBXFileReference; includeInIndex = 1; lastKnownFileType = text.xcconfig; name = "Pods-APA.release.xcconfig"; path = "Pods/Target Support Files/Pods-APA/Pods-APA.release.xcconfig"; sourceTree = "<group>"; };
		9BF6B245B1DA0BAB8AA625E5 /* Pods_APA.framework */ = {isa = PBXFileReference; explicitFileType = wrapper.framework; includeInIndex = 0; path = Pods_APA.framework; sourceTree = BUILT_PRODUCTS_DIR; };
		A6257F1A20A43755000E8F4D /* Bolts.framework */ = {isa = PBXFileReference; lastKnownFileType = wrapper.framework; path = Bolts.framework; sourceTree = "<group>"; };
		A6257F1C20A4375E000E8F4D /* FBSDKShareKit.framework */ = {isa = PBXFileReference; lastKnownFileType = wrapper.framework; path = FBSDKShareKit.framework; sourceTree = "<group>"; };
		A6257F1E20A4397F000E8F4D /* FBSDKCoreKit.framework */ = {isa = PBXFileReference; lastKnownFileType = wrapper.framework; path = FBSDKCoreKit.framework; sourceTree = "<group>"; };
		A6A1E06A209F4BA100B70635 /* AllPetListViewController.swift */ = {isa = PBXFileReference; lastKnownFileType = sourcecode.swift; path = AllPetListViewController.swift; sourceTree = "<group>"; };
		A6B373A320A758CF0039E7E1 /* GardenListViewController.swift */ = {isa = PBXFileReference; lastKnownFileType = sourcecode.swift; path = GardenListViewController.swift; sourceTree = "<group>"; };
		A6CBEFB020931EC1008482F9 /* LaunchScreen.storyboard */ = {isa = PBXFileReference; lastKnownFileType = file.storyboard; path = LaunchScreen.storyboard; sourceTree = "<group>"; };
		A6CBEFB220931EE4008482F9 /* Main.storyboard */ = {isa = PBXFileReference; lastKnownFileType = file.storyboard; path = Main.storyboard; sourceTree = "<group>"; };
		A6CBEFB520931FB0008482F9 /* GoogleSheetManager.swift */ = {isa = PBXFileReference; lastKnownFileType = sourcecode.swift; path = GoogleSheetManager.swift; sourceTree = "<group>"; };
		A6D3C7BB20931B6E0083C3C6 /* APA.app */ = {isa = PBXFileReference; explicitFileType = wrapper.application; includeInIndex = 0; path = APA.app; sourceTree = BUILT_PRODUCTS_DIR; };
		A6D3C7BE20931B6E0083C3C6 /* AppDelegate.swift */ = {isa = PBXFileReference; lastKnownFileType = sourcecode.swift; path = AppDelegate.swift; sourceTree = "<group>"; };
		A6D3C7C520931B720083C3C6 /* Assets.xcassets */ = {isa = PBXFileReference; lastKnownFileType = folder.assetcatalog; path = Assets.xcassets; sourceTree = "<group>"; };
		A6D3C7CA20931B720083C3C6 /* Info.plist */ = {isa = PBXFileReference; lastKnownFileType = text.plist.xml; path = Info.plist; sourceTree = "<group>"; };
		A6D696EB209F4D51000CFCF1 /* AllPetListViewControllerTableViewCell.swift */ = {isa = PBXFileReference; lastKnownFileType = sourcecode.swift; path = AllPetListViewControllerTableViewCell.swift; sourceTree = "<group>"; };
		A6D696EE209F4E7C000CFCF1 /* PetInfo.swift */ = {isa = PBXFileReference; lastKnownFileType = sourcecode.swift; path = PetInfo.swift; sourceTree = "<group>"; };
		A6D696F0209FAFEE000CFCF1 /* PetDetailViewController.swift */ = {isa = PBXFileReference; lastKnownFileType = sourcecode.swift; path = PetDetailViewController.swift; sourceTree = "<group>"; };
		A6D696F2209FB00B000CFCF1 /* PetDetailTableViewController.swift */ = {isa = PBXFileReference; lastKnownFileType = sourcecode.swift; path = PetDetailTableViewController.swift; sourceTree = "<group>"; };
		A6D696F420A0537A000CFCF1 /* Parameter.swift */ = {isa = PBXFileReference; lastKnownFileType = sourcecode.swift; path = Parameter.swift; sourceTree = "<group>"; };
		A6D696F620A06C61000CFCF1 /* PetDetailTableViewCollectionViewCell.swift */ = {isa = PBXFileReference; lastKnownFileType = sourcecode.swift; path = PetDetailTableViewCollectionViewCell.swift; sourceTree = "<group>"; };
		A6FEB20D20A18EAE00EDE292 /* APA-Bridging-Header.h */ = {isa = PBXFileReference; lastKnownFileType = sourcecode.c.h; path = "APA-Bridging-Header.h"; sourceTree = "<group>"; };
		A6FEB20E20A18EAE00EDE292 /* UIScrollView+InfiniteScroll.h */ = {isa = PBXFileReference; fileEncoding = 4; lastKnownFileType = sourcecode.c.h; path = "UIScrollView+InfiniteScroll.h"; sourceTree = "<group>"; };
		A6FEB20F20A18EAF00EDE292 /* UIScrollView+InfiniteScroll.m */ = {isa = PBXFileReference; fileEncoding = 4; lastKnownFileType = sourcecode.c.objc; path = "UIScrollView+InfiniteScroll.m"; sourceTree = "<group>"; };
		A6FEB21120A1C6F100EDE292 /* UserDefaultManager.swift */ = {isa = PBXFileReference; lastKnownFileType = sourcecode.swift; path = UserDefaultManager.swift; sourceTree = "<group>"; };
		A6FEB21520A1ED0C00EDE292 /* Reachability.m */ = {isa = PBXFileReference; fileEncoding = 4; lastKnownFileType = sourcecode.c.objc; path = Reachability.m; sourceTree = "<group>"; };
		A6FEB21620A1ED0C00EDE292 /* Reachability.h */ = {isa = PBXFileReference; fileEncoding = 4; lastKnownFileType = sourcecode.c.h; path = Reachability.h; sourceTree = "<group>"; };
		A6FEB21920A1F12D00EDE292 /* UIAlertController+Extension.swift */ = {isa = PBXFileReference; fileEncoding = 4; lastKnownFileType = sourcecode.swift; path = "UIAlertController+Extension.swift"; sourceTree = "<group>"; };
		F46134F757C1D21964D042F5 /* Pods-APA.debug.xcconfig */ = {isa = PBXFileReference; includeInIndex = 1; lastKnownFileType = text.xcconfig; name = "Pods-APA.debug.xcconfig"; path = "Pods/Target Support Files/Pods-APA/Pods-APA.debug.xcconfig"; sourceTree = "<group>"; };
/* End PBXFileReference section */

/* Begin PBXFrameworksBuildPhase section */
		A6D3C7B820931B6E0083C3C6 /* Frameworks */ = {
			isa = PBXFrameworksBuildPhase;
			buildActionMask = 2147483647;
			files = (
				2261812A74616FF9DB6131AB /* Pods_APA.framework in Frameworks */,
				A6257F1F20A4397F000E8F4D /* FBSDKCoreKit.framework in Frameworks */,
				A6257F1B20A43755000E8F4D /* Bolts.framework in Frameworks */,
				A6257F1D20A4375E000E8F4D /* FBSDKShareKit.framework in Frameworks */,
			);
			runOnlyForDeploymentPostprocessing = 0;
		};
/* End PBXFrameworksBuildPhase section */

/* Begin PBXGroup section */
		32BEC101660809547D4ED165 /* Frameworks */ = {
			isa = PBXGroup;
			children = (
				9BF6B245B1DA0BAB8AA625E5 /* Pods_APA.framework */,
			);
			name = Frameworks;
			sourceTree = "<group>";
		};
		A6257F1920A4372F000E8F4D /* Frameworkd */ = {
			isa = PBXGroup;
			children = (
				A6257F1E20A4397F000E8F4D /* FBSDKCoreKit.framework */,
				A6257F1C20A4375E000E8F4D /* FBSDKShareKit.framework */,
				A6257F1A20A43755000E8F4D /* Bolts.framework */,
			);
			path = Frameworkd;
			sourceTree = "<group>";
		};
		A6A1E068209F3AC200B70635 /* Controllers */ = {
			isa = PBXGroup;
			children = (
				A6B373A220A758BE0039E7E1 /* Garden */,
				A6A1E069209F4B8F00B70635 /* AllPet */,
			);
			path = Controllers;
			sourceTree = "<group>";
		};
		A6A1E069209F4B8F00B70635 /* AllPet */ = {
			isa = PBXGroup;
			children = (
				A6A1E06A209F4BA100B70635 /* AllPetListViewController.swift */,
				A6D696EB209F4D51000CFCF1 /* AllPetListViewControllerTableViewCell.swift */,
				A6D696F0209FAFEE000CFCF1 /* PetDetailViewController.swift */,
				A6D696F2209FB00B000CFCF1 /* PetDetailTableViewController.swift */,
				A6D696F620A06C61000CFCF1 /* PetDetailTableViewCollectionViewCell.swift */,
			);
			path = AllPet;
			sourceTree = "<group>";
		};
		A6B373A220A758BE0039E7E1 /* Garden */ = {
			isa = PBXGroup;
			children = (
				A6B373A320A758CF0039E7E1 /* GardenListViewController.swift */,
			);
			path = Garden;
			sourceTree = "<group>";
		};
		A6CBEFAE20931EA9008482F9 /* View */ = {
			isa = PBXGroup;
			children = (
				A6CBEFB020931EC1008482F9 /* LaunchScreen.storyboard */,
				A6CBEFB220931EE4008482F9 /* Main.storyboard */,
			);
			path = View;
			sourceTree = "<group>";
		};
		A6CBEFAF20931EAF008482F9 /* Class */ = {
			isa = PBXGroup;
			children = (
				A6FEB21820A1F12300EDE292 /* Extension */,
				A6FEB20C20A18E6B00EDE292 /* ThirdParty */,
				A6D696ED209F4E6A000CFCF1 /* Data */,
				A6A1E068209F3AC200B70635 /* Controllers */,
				A6CBEFB420931F83008482F9 /* Manager */,
				A6D3C7BE20931B6E0083C3C6 /* AppDelegate.swift */,
				A6D696F420A0537A000CFCF1 /* Parameter.swift */,
			);
			path = Class;
			sourceTree = "<group>";
		};
		A6CBEFB420931F83008482F9 /* Manager */ = {
			isa = PBXGroup;
			children = (
				A6CBEFB520931FB0008482F9 /* GoogleSheetManager.swift */,
				A6FEB21120A1C6F100EDE292 /* UserDefaultManager.swift */,
			);
			path = Manager;
			sourceTree = "<group>";
		};
		A6D3C7B220931B6E0083C3C6 = {
			isa = PBXGroup;
			children = (
				A6D3C7BD20931B6E0083C3C6 /* APA */,
				A6D3C7BC20931B6E0083C3C6 /* Products */,
				D0F5087C55DF9EF57DAEB143 /* Pods */,
				32BEC101660809547D4ED165 /* Frameworks */,
			);
			sourceTree = "<group>";
		};
		A6D3C7BC20931B6E0083C3C6 /* Products */ = {
			isa = PBXGroup;
			children = (
				A6D3C7BB20931B6E0083C3C6 /* APA.app */,
			);
			name = Products;
			sourceTree = "<group>";
		};
		A6D3C7BD20931B6E0083C3C6 /* APA */ = {
			isa = PBXGroup;
			children = (
				A6257F1920A4372F000E8F4D /* Frameworkd */,
				A6CBEFAF20931EAF008482F9 /* Class */,
				A6CBEFAE20931EA9008482F9 /* View */,
				A6D3C7C520931B720083C3C6 /* Assets.xcassets */,
				A6D3C7CA20931B720083C3C6 /* Info.plist */,
			);
			path = APA;
			sourceTree = "<group>";
		};
		A6D696ED209F4E6A000CFCF1 /* Data */ = {
			isa = PBXGroup;
			children = (
				A6D696EE209F4E7C000CFCF1 /* PetInfo.swift */,
			);
			path = Data;
			sourceTree = "<group>";
		};
		A6FEB20C20A18E6B00EDE292 /* ThirdParty */ = {
			isa = PBXGroup;
			children = (
				A6FEB21420A1EC5900EDE292 /* UIScrollView+InfiniteScroll */,
				A6FEB21320A1EC5100EDE292 /* Reachability */,
				A6FEB20D20A18EAE00EDE292 /* APA-Bridging-Header.h */,
			);
			path = ThirdParty;
			sourceTree = "<group>";
		};
		A6FEB21320A1EC5100EDE292 /* Reachability */ = {
			isa = PBXGroup;
			children = (
				A6FEB21620A1ED0C00EDE292 /* Reachability.h */,
				A6FEB21520A1ED0C00EDE292 /* Reachability.m */,
			);
			path = Reachability;
			sourceTree = "<group>";
		};
		A6FEB21420A1EC5900EDE292 /* UIScrollView+InfiniteScroll */ = {
			isa = PBXGroup;
			children = (
				A6FEB20E20A18EAE00EDE292 /* UIScrollView+InfiniteScroll.h */,
				A6FEB20F20A18EAF00EDE292 /* UIScrollView+InfiniteScroll.m */,
			);
			path = "UIScrollView+InfiniteScroll";
			sourceTree = "<group>";
		};
		A6FEB21820A1F12300EDE292 /* Extension */ = {
			isa = PBXGroup;
			children = (
				A6FEB21920A1F12D00EDE292 /* UIAlertController+Extension.swift */,
			);
			path = Extension;
			sourceTree = "<group>";
		};
		D0F5087C55DF9EF57DAEB143 /* Pods */ = {
			isa = PBXGroup;
			children = (
				F46134F757C1D21964D042F5 /* Pods-APA.debug.xcconfig */,
				180AB7C73B87C2842E387A3C /* Pods-APA.release.xcconfig */,
			);
			name = Pods;
			sourceTree = "<group>";
		};
/* End PBXGroup section */

/* Begin PBXNativeTarget section */
		A6D3C7BA20931B6E0083C3C6 /* APA */ = {
			isa = PBXNativeTarget;
			buildConfigurationList = A6D3C7CD20931B720083C3C6 /* Build configuration list for PBXNativeTarget "APA" */;
			buildPhases = (
				7B520AC552DC09DA0215CA02 /* [CP] Check Pods Manifest.lock */,
				A6D3C7B720931B6E0083C3C6 /* Sources */,
				A6D3C7B820931B6E0083C3C6 /* Frameworks */,
				A6D3C7B920931B6E0083C3C6 /* Resources */,
				13099A847A0CE9601A103C91 /* [CP] Embed Pods Frameworks */,
				E8E70172F64325EDBD3A2233 /* [CP] Copy Pods Resources */,
			);
			buildRules = (
			);
			dependencies = (
			);
			name = APA;
			productName = APA;
			productReference = A6D3C7BB20931B6E0083C3C6 /* APA.app */;
			productType = "com.apple.product-type.application";
		};
/* End PBXNativeTarget section */

/* Begin PBXProject section */
		A6D3C7B320931B6E0083C3C6 /* Project object */ = {
			isa = PBXProject;
			attributes = {
				LastSwiftUpdateCheck = 0930;
				LastUpgradeCheck = 0930;
				ORGANIZATIONNAME = Nigel;
				TargetAttributes = {
					A6D3C7BA20931B6E0083C3C6 = {
						CreatedOnToolsVersion = 9.3;
						LastSwiftMigration = 0930;
					};
				};
			};
			buildConfigurationList = A6D3C7B620931B6E0083C3C6 /* Build configuration list for PBXProject "APA" */;
			compatibilityVersion = "Xcode 9.3";
			developmentRegion = en;
			hasScannedForEncodings = 0;
			knownRegions = (
				en,
				Base,
			);
			mainGroup = A6D3C7B220931B6E0083C3C6;
			productRefGroup = A6D3C7BC20931B6E0083C3C6 /* Products */;
			projectDirPath = "";
			projectRoot = "";
			targets = (
				A6D3C7BA20931B6E0083C3C6 /* APA */,
			);
		};
/* End PBXProject section */

/* Begin PBXResourcesBuildPhase section */
		A6D3C7B920931B6E0083C3C6 /* Resources */ = {
			isa = PBXResourcesBuildPhase;
			buildActionMask = 2147483647;
			files = (
				A6CBEFB320931EE4008482F9 /* Main.storyboard in Resources */,
				A6D3C7C620931B720083C3C6 /* Assets.xcassets in Resources */,
				A6CBEFB120931EC1008482F9 /* LaunchScreen.storyboard in Resources */,
			);
			runOnlyForDeploymentPostprocessing = 0;
		};
/* End PBXResourcesBuildPhase section */

/* Begin PBXShellScriptBuildPhase section */
		13099A847A0CE9601A103C91 /* [CP] Embed Pods Frameworks */ = {
			isa = PBXShellScriptBuildPhase;
			buildActionMask = 2147483647;
			files = (
			);
			inputPaths = (
				"${SRCROOT}/Pods/Target Support Files/Pods-APA/Pods-APA-frameworks.sh",
				"${BUILT_PRODUCTS_DIR}/GTMOAuth2/GTMOAuth2.framework",
				"${BUILT_PRODUCTS_DIR}/GTMSessionFetcher/GTMSessionFetcher.framework",
				"${BUILT_PRODUCTS_DIR}/GoogleAPIClientForREST/GoogleAPIClientForREST.framework",
				"${BUILT_PRODUCTS_DIR}/GoogleToolboxForMac/GoogleToolboxForMac.framework",
				"${BUILT_PRODUCTS_DIR}/Kingfisher/Kingfisher.framework",
			);
			name = "[CP] Embed Pods Frameworks";
			outputPaths = (
				"${TARGET_BUILD_DIR}/${FRAMEWORKS_FOLDER_PATH}/GTMOAuth2.framework",
				"${TARGET_BUILD_DIR}/${FRAMEWORKS_FOLDER_PATH}/GTMSessionFetcher.framework",
				"${TARGET_BUILD_DIR}/${FRAMEWORKS_FOLDER_PATH}/GoogleAPIClientForREST.framework",
				"${TARGET_BUILD_DIR}/${FRAMEWORKS_FOLDER_PATH}/GoogleToolboxForMac.framework",
				"${TARGET_BUILD_DIR}/${FRAMEWORKS_FOLDER_PATH}/Kingfisher.framework",
			);
			runOnlyForDeploymentPostprocessing = 0;
			shellPath = /bin/sh;
			shellScript = "\"${SRCROOT}/Pods/Target Support Files/Pods-APA/Pods-APA-frameworks.sh\"\n";
			showEnvVarsInLog = 0;
		};
		7B520AC552DC09DA0215CA02 /* [CP] Check Pods Manifest.lock */ = {
			isa = PBXShellScriptBuildPhase;
			buildActionMask = 2147483647;
			files = (
			);
			inputPaths = (
				"${PODS_PODFILE_DIR_PATH}/Podfile.lock",
				"${PODS_ROOT}/Manifest.lock",
			);
			name = "[CP] Check Pods Manifest.lock";
			outputPaths = (
				"$(DERIVED_FILE_DIR)/Pods-APA-checkManifestLockResult.txt",
			);
			runOnlyForDeploymentPostprocessing = 0;
			shellPath = /bin/sh;
			shellScript = "diff \"${PODS_PODFILE_DIR_PATH}/Podfile.lock\" \"${PODS_ROOT}/Manifest.lock\" > /dev/null\nif [ $? != 0 ] ; then\n    # print error to STDERR\n    echo \"error: The sandbox is not in sync with the Podfile.lock. Run 'pod install' or update your CocoaPods installation.\" >&2\n    exit 1\nfi\n# This output is used by Xcode 'outputs' to avoid re-running this script phase.\necho \"SUCCESS\" > \"${SCRIPT_OUTPUT_FILE_0}\"\n";
			showEnvVarsInLog = 0;
		};
		E8E70172F64325EDBD3A2233 /* [CP] Copy Pods Resources */ = {
			isa = PBXShellScriptBuildPhase;
			buildActionMask = 2147483647;
			files = (
			);
			inputPaths = (
				"${SRCROOT}/Pods/Target Support Files/Pods-APA/Pods-APA-resources.sh",
				"${PODS_ROOT}/GoogleSignIn/Resources/GoogleSignIn.bundle",
			);
			name = "[CP] Copy Pods Resources";
			outputPaths = (
				"${TARGET_BUILD_DIR}/${UNLOCALIZED_RESOURCES_FOLDER_PATH}/GoogleSignIn.bundle",
			);
			runOnlyForDeploymentPostprocessing = 0;
			shellPath = /bin/sh;
			shellScript = "\"${SRCROOT}/Pods/Target Support Files/Pods-APA/Pods-APA-resources.sh\"\n";
			showEnvVarsInLog = 0;
		};
/* End PBXShellScriptBuildPhase section */

/* Begin PBXSourcesBuildPhase section */
		A6D3C7B720931B6E0083C3C6 /* Sources */ = {
			isa = PBXSourcesBuildPhase;
			buildActionMask = 2147483647;
			files = (
				A6FEB21720A1ED0C00EDE292 /* Reachability.m in Sources */,
				A6D696F3209FB00B000CFCF1 /* PetDetailTableViewController.swift in Sources */,
				A6D3C7BF20931B6E0083C3C6 /* AppDelegate.swift in Sources */,
				A6D696F520A0537A000CFCF1 /* Parameter.swift in Sources */,
				A6A1E06B209F4BA100B70635 /* AllPetListViewController.swift in Sources */,
				A6D696F720A06C61000CFCF1 /* PetDetailTableViewCollectionViewCell.swift in Sources */,
				A6FEB21220A1C6F100EDE292 /* UserDefaultManager.swift in Sources */,
				A6FEB21A20A1F12D00EDE292 /* UIAlertController+Extension.swift in Sources */,
				A6D696EF209F4E7C000CFCF1 /* PetInfo.swift in Sources */,
				A6B373A420A758CF0039E7E1 /* GardenListViewController.swift in Sources */,
				A6D696F1209FAFEE000CFCF1 /* PetDetailViewController.swift in Sources */,
				A6CBEFB620931FB0008482F9 /* GoogleSheetManager.swift in Sources */,
				A6D696EC209F4D51000CFCF1 /* AllPetListViewControllerTableViewCell.swift in Sources */,
				A6FEB21020A18EAF00EDE292 /* UIScrollView+InfiniteScroll.m in Sources */,
			);
			runOnlyForDeploymentPostprocessing = 0;
		};
/* End PBXSourcesBuildPhase section */

/* Begin XCBuildConfiguration section */
		A6D3C7CB20931B720083C3C6 /* Debug */ = {
			isa = XCBuildConfiguration;
			buildSettings = {
				ALWAYS_SEARCH_USER_PATHS = NO;
				CLANG_ANALYZER_NONNULL = YES;
				CLANG_ANALYZER_NUMBER_OBJECT_CONVERSION = YES_AGGRESSIVE;
				CLANG_CXX_LANGUAGE_STANDARD = "gnu++14";
				CLANG_CXX_LIBRARY = "libc++";
				CLANG_ENABLE_MODULES = YES;
				CLANG_ENABLE_OBJC_ARC = YES;
				CLANG_ENABLE_OBJC_WEAK = YES;
				CLANG_WARN_BLOCK_CAPTURE_AUTORELEASING = YES;
				CLANG_WARN_BOOL_CONVERSION = YES;
				CLANG_WARN_COMMA = YES;
				CLANG_WARN_CONSTANT_CONVERSION = YES;
				CLANG_WARN_DEPRECATED_OBJC_IMPLEMENTATIONS = YES;
				CLANG_WARN_DIRECT_OBJC_ISA_USAGE = YES_ERROR;
				CLANG_WARN_DOCUMENTATION_COMMENTS = YES;
				CLANG_WARN_EMPTY_BODY = YES;
				CLANG_WARN_ENUM_CONVERSION = YES;
				CLANG_WARN_INFINITE_RECURSION = YES;
				CLANG_WARN_INT_CONVERSION = YES;
				CLANG_WARN_NON_LITERAL_NULL_CONVERSION = YES;
				CLANG_WARN_OBJC_IMPLICIT_RETAIN_SELF = YES;
				CLANG_WARN_OBJC_LITERAL_CONVERSION = YES;
				CLANG_WARN_OBJC_ROOT_CLASS = YES_ERROR;
				CLANG_WARN_RANGE_LOOP_ANALYSIS = YES;
				CLANG_WARN_STRICT_PROTOTYPES = YES;
				CLANG_WARN_SUSPICIOUS_MOVE = YES;
				CLANG_WARN_UNGUARDED_AVAILABILITY = YES_AGGRESSIVE;
				CLANG_WARN_UNREACHABLE_CODE = YES;
				CLANG_WARN__DUPLICATE_METHOD_MATCH = YES;
				CODE_SIGN_IDENTITY = "iPhone Developer";
				COPY_PHASE_STRIP = NO;
				DEBUG_INFORMATION_FORMAT = dwarf;
				ENABLE_STRICT_OBJC_MSGSEND = YES;
				ENABLE_TESTABILITY = YES;
				GCC_C_LANGUAGE_STANDARD = gnu11;
				GCC_DYNAMIC_NO_PIC = NO;
				GCC_NO_COMMON_BLOCKS = YES;
				GCC_OPTIMIZATION_LEVEL = 0;
				GCC_PREPROCESSOR_DEFINITIONS = (
					"DEBUG=1",
					"$(inherited)",
				);
				GCC_WARN_64_TO_32_BIT_CONVERSION = YES;
				GCC_WARN_ABOUT_RETURN_TYPE = YES_ERROR;
				GCC_WARN_UNDECLARED_SELECTOR = YES;
				GCC_WARN_UNINITIALIZED_AUTOS = YES_AGGRESSIVE;
				GCC_WARN_UNUSED_FUNCTION = YES;
				GCC_WARN_UNUSED_VARIABLE = YES;
				IPHONEOS_DEPLOYMENT_TARGET = 11.3;
				MTL_ENABLE_DEBUG_INFO = YES;
				ONLY_ACTIVE_ARCH = YES;
				SDKROOT = iphoneos;
				SWIFT_ACTIVE_COMPILATION_CONDITIONS = DEBUG;
				SWIFT_OPTIMIZATION_LEVEL = "-Onone";
			};
			name = Debug;
		};
		A6D3C7CC20931B720083C3C6 /* Release */ = {
			isa = XCBuildConfiguration;
			buildSettings = {
				ALWAYS_SEARCH_USER_PATHS = NO;
				CLANG_ANALYZER_NONNULL = YES;
				CLANG_ANALYZER_NUMBER_OBJECT_CONVERSION = YES_AGGRESSIVE;
				CLANG_CXX_LANGUAGE_STANDARD = "gnu++14";
				CLANG_CXX_LIBRARY = "libc++";
				CLANG_ENABLE_MODULES = YES;
				CLANG_ENABLE_OBJC_ARC = YES;
				CLANG_ENABLE_OBJC_WEAK = YES;
				CLANG_WARN_BLOCK_CAPTURE_AUTORELEASING = YES;
				CLANG_WARN_BOOL_CONVERSION = YES;
				CLANG_WARN_COMMA = YES;
				CLANG_WARN_CONSTANT_CONVERSION = YES;
				CLANG_WARN_DEPRECATED_OBJC_IMPLEMENTATIONS = YES;
				CLANG_WARN_DIRECT_OBJC_ISA_USAGE = YES_ERROR;
				CLANG_WARN_DOCUMENTATION_COMMENTS = YES;
				CLANG_WARN_EMPTY_BODY = YES;
				CLANG_WARN_ENUM_CONVERSION = YES;
				CLANG_WARN_INFINITE_RECURSION = YES;
				CLANG_WARN_INT_CONVERSION = YES;
				CLANG_WARN_NON_LITERAL_NULL_CONVERSION = YES;
				CLANG_WARN_OBJC_IMPLICIT_RETAIN_SELF = YES;
				CLANG_WARN_OBJC_LITERAL_CONVERSION = YES;
				CLANG_WARN_OBJC_ROOT_CLASS = YES_ERROR;
				CLANG_WARN_RANGE_LOOP_ANALYSIS = YES;
				CLANG_WARN_STRICT_PROTOTYPES = YES;
				CLANG_WARN_SUSPICIOUS_MOVE = YES;
				CLANG_WARN_UNGUARDED_AVAILABILITY = YES_AGGRESSIVE;
				CLANG_WARN_UNREACHABLE_CODE = YES;
				CLANG_WARN__DUPLICATE_METHOD_MATCH = YES;
				CODE_SIGN_IDENTITY = "iPhone Developer";
				COPY_PHASE_STRIP = NO;
				DEBUG_INFORMATION_FORMAT = "dwarf-with-dsym";
				ENABLE_NS_ASSERTIONS = NO;
				ENABLE_STRICT_OBJC_MSGSEND = YES;
				GCC_C_LANGUAGE_STANDARD = gnu11;
				GCC_NO_COMMON_BLOCKS = YES;
				GCC_WARN_64_TO_32_BIT_CONVERSION = YES;
				GCC_WARN_ABOUT_RETURN_TYPE = YES_ERROR;
				GCC_WARN_UNDECLARED_SELECTOR = YES;
				GCC_WARN_UNINITIALIZED_AUTOS = YES_AGGRESSIVE;
				GCC_WARN_UNUSED_FUNCTION = YES;
				GCC_WARN_UNUSED_VARIABLE = YES;
				IPHONEOS_DEPLOYMENT_TARGET = 11.3;
				MTL_ENABLE_DEBUG_INFO = NO;
				SDKROOT = iphoneos;
				SWIFT_COMPILATION_MODE = wholemodule;
				SWIFT_OPTIMIZATION_LEVEL = "-O";
				VALIDATE_PRODUCT = YES;
			};
			name = Release;
		};
		A6D3C7CE20931B720083C3C6 /* Debug */ = {
			isa = XCBuildConfiguration;
			baseConfigurationReference = F46134F757C1D21964D042F5 /* Pods-APA.debug.xcconfig */;
			buildSettings = {
				ASSETCATALOG_COMPILER_APPICON_NAME = AppIcon;
				CLANG_ENABLE_MODULES = YES;
				CODE_SIGN_STYLE = Automatic;
				DEVELOPMENT_TEAM = L7NC2WJMV2;
				FRAMEWORK_SEARCH_PATHS = (
					"$(inherited)",
					"$(PROJECT_DIR)/APA/Frameworkd",
				);
				INFOPLIST_FILE = APA/Info.plist;
				IPHONEOS_DEPLOYMENT_TARGET = 10.0;
				LD_RUNPATH_SEARCH_PATHS = (
					"$(inherited)",
					"@executable_path/Frameworks",
				);
				PRODUCT_BUNDLE_IDENTIFIER = yhcl.APA;
				PRODUCT_NAME = "$(TARGET_NAME)";
				SWIFT_OBJC_BRIDGING_HEADER = "APA/Class/ThirdParty/APA-Bridging-Header.h";
				SWIFT_OPTIMIZATION_LEVEL = "-Onone";
				SWIFT_VERSION = 4.0;
				TARGETED_DEVICE_FAMILY = 1;
			};
			name = Debug;
		};
		A6D3C7CF20931B720083C3C6 /* Release */ = {
			isa = XCBuildConfiguration;
			baseConfigurationReference = 180AB7C73B87C2842E387A3C /* Pods-APA.release.xcconfig */;
			buildSettings = {
				ASSETCATALOG_COMPILER_APPICON_NAME = AppIcon;
				CLANG_ENABLE_MODULES = YES;
				CODE_SIGN_STYLE = Automatic;
				DEVELOPMENT_TEAM = L7NC2WJMV2;
				FRAMEWORK_SEARCH_PATHS = (
					"$(inherited)",
					"$(PROJECT_DIR)/APA/Frameworkd",
				);
				INFOPLIST_FILE = APA/Info.plist;
				IPHONEOS_DEPLOYMENT_TARGET = 10.0;
				LD_RUNPATH_SEARCH_PATHS = (
					"$(inherited)",
					"@executable_path/Frameworks",
				);
				PRODUCT_BUNDLE_IDENTIFIER = yhcl.APA;
				PRODUCT_NAME = "$(TARGET_NAME)";
				SWIFT_OBJC_BRIDGING_HEADER = "APA/Class/ThirdParty/APA-Bridging-Header.h";
				SWIFT_VERSION = 4.0;
				TARGETED_DEVICE_FAMILY = 1;
			};
			name = Release;
		};
/* End XCBuildConfiguration section */

/* Begin XCConfigurationList section */
		A6D3C7B620931B6E0083C3C6 /* Build configuration list for PBXProject "APA" */ = {
			isa = XCConfigurationList;
			buildConfigurations = (
				A6D3C7CB20931B720083C3C6 /* Debug */,
				A6D3C7CC20931B720083C3C6 /* Release */,
			);
			defaultConfigurationIsVisible = 0;
			defaultConfigurationName = Release;
		};
		A6D3C7CD20931B720083C3C6 /* Build configuration list for PBXNativeTarget "APA" */ = {
			isa = XCConfigurationList;
			buildConfigurations = (
				A6D3C7CE20931B720083C3C6 /* Debug */,
				A6D3C7CF20931B720083C3C6 /* Release */,
			);
			defaultConfigurationIsVisible = 0;
			defaultConfigurationName = Release;
		};
/* End XCConfigurationList section */
	};
	rootObject = A6D3C7B320931B6E0083C3C6 /* Project object */;
}
